
Microsoft Visual Studio Solution File, Format Version 12.00
# Visual Studio Version 17
VisualStudioVersion = 17.8.34408.163
MinimumVisualStudioVersion = 10.0.40219.1
Project("{FAE04EC0-301F-11D3-BF4B-00C04F79EFBC}") = "AC2", "AC2\AC2.csproj", "{E9797234-EB28-46F6-8B25-4386EB4F97FC}"
EndProject
Global
	GlobalSection(SolutionConfigurationPlatforms) = preSolution
		Debug|Any CPU = Debug|Any CPU
		Release|Any CPU = Release|Any CPU
	EndGlobalSection
	GlobalSection(ProjectConfigurationPlatforms) = postSolution
		{E9797234-EB28-46F6-8B25-4386EB4F97FC}.Debug|Any CPU.ActiveCfg = Debug|Any CPU
		{E9797234-EB28-46F6-8B25-4386EB4F97FC}.Debug|Any CPU.Build.0 = Debug|Any CPU
		{E9797234-EB28-46F6-8B25-4386EB4F97FC}.Release|Any CPU.ActiveCfg = Release|Any CPU
		{E9797234-EB28-46F6-8B25-4386EB4F97FC}.Release|Any CPU.Build.0 = Release|Any CPU
	EndGlobalSection
	GlobalSection(SolutionProperties) = preSolution
		HideSolutionNode = FALSE
	EndGlobalSection
	GlobalSection(ExtensibilityGlobals) = postSolution
		SolutionGuid = {B949B660-BF50-4EA1-BFD2-FF152A25250B}
	EndGlobalSection
EndGlobal
